<?xml version="1.0" encoding="utf-8"?>
<Project ToolsVersion="4.0" xmlns="http://schemas.microsoft.com/developer/msbuild/2003">
  <ItemGroup>
    <Filter Include="Source Files">
      <UniqueIdentifier>{4FC737F1-C7A5-4376-A066-2A32D752A2FF}</UniqueIdentifier>
      <Extensions>cpp;c;cc;cxx;def;odl;idl;hpj;bat;asm;asmx</Extensions>
    </Filter>
    <Filter Include="Header Files">
      <UniqueIdentifier>{93995380-89BD-4b04-88EB-625FBE52EBFB}</UniqueIdentifier>
      <Extensions>h;hh;hpp;hxx;hm;inl;inc;xsd</Extensions>
    </Filter>
    <Filter Include="Resource Files">
      <UniqueIdentifier>{D9D6E242-F8AF-46E4-B9FD-80ECBC20BA3E}</UniqueIdentifier>
      <Extensions>qrc;*</Extensions>
      <ParseFiles>false</ParseFiles>
    </Filter>
    <Filter Include="Form Files">
      <UniqueIdentifier>{99349809-55BA-4b9d-BF79-8FDBB0286EB3}</UniqueIdentifier>
      <Extensions>ui</Extensions>
    </Filter>
    <Filter Include="Resource Files">
      <UniqueIdentifier>{D9D6E242-F8AF-46E4-B9FD-80ECBC20BA3E}</UniqueIdentifier>
      <Extensions>qrc;*</Extensions>
      <ParseFiles>false</ParseFiles>
    </Filter>
    <Filter Include="Source Files\Cart">
      <UniqueIdentifier>{a86b1fa6-65a6-4151-ac50-c9a02db62d71}</UniqueIdentifier>
    </Filter>
    <Filter Include="Header Files\Cart">
      <UniqueIdentifier>{a14f2ac9-cb2e-405d-82cf-80a04e1e1178}</UniqueIdentifier>
    </Filter>
  </ItemGroup>
  <ItemGroup>
    <ClCompile Include="main.cpp">
      <Filter>Source Files</Filter>
    </ClCompile>
    <ClCompile Include="FilmAppGUI.cpp">
      <Filter>Source Files</Filter>
    </ClCompile>
    <ClCompile Include="console.cpp">
      <Filter>Source Files</Filter>
    </ClCompile>
    <ClCompile Include="DTO.cpp">
      <Filter>Source Files</Filter>
    </ClCompile>
    <ClCompile Include="film.cpp">
      <Filter>Source Files</Filter>
    </ClCompile>
    <ClCompile Include="repo.cpp">
      <Filter>Source Files</Filter>
    </ClCompile>
    <ClCompile Include="tests.cpp">
      <Filter>Source Files</Filter>
    </ClCompile>
    <ClCompile Include="valid.cpp">
      <Filter>Source Files</Filter>
    </ClCompile>
    <ClCompile Include="srvc.cpp">
      <Filter>Source Files\Cart</Filter>
    </ClCompile>
    <ClCompile Include="srv.cpp">
      <Filter>Source Files</Filter>
    </ClCompile>
    <ClCompile Include="repoc.cpp">
      <Filter>Source Files\Cart</Filter>
    </ClCompile>
    <ClCompile Include="gui.cpp">
      <Filter>Source Files</Filter>
    </ClCompile>
    <ClCompile Include="guicart.cpp">
      <Filter>Source Files\Cart</Filter>
    </ClCompile>
  </ItemGroup>
  <ItemGroup>
    <QtMoc Include="FilmAppGUI.h">
      <Filter>Header Files</Filter>
    </QtMoc>
  </ItemGroup>
  <ItemGroup>
    <QtUic Include="FilmAppGUI.ui">
      <Filter>Form Files</Filter>
    </QtUic>
  </ItemGroup>
  <ItemGroup>
    <QtRcc Include="FilmAppGUI.qrc">
      <Filter>Resource Files</Filter>
    </QtRcc>
  </ItemGroup>
  <ItemGroup>
    <ClInclude Include="gui.h">
      <Filter>Header Files</Filter>
    </ClInclude>
    <ClInclude Include="console.h">
      <Filter>Header Files</Filter>
    </ClInclude>
    <ClInclude Include="DTO.h">
      <Filter>Header Files</Filter>
    </ClInclude>
    <ClInclude Include="film.h">
      <Filter>Header Files</Filter>
    </ClInclude>
    <ClInclude Include="repo.h">
      <Filter>Header Files</Filter>
    </ClInclude>
    <ClInclude Include="srv.h">
      <Filter>Header Files</Filter>
    </ClInclude>
    <ClInclude Include="tests.h">
      <Filter>Header Files</Filter>
    </ClInclude>
    <ClInclude Include="undo.h">
      <Filter>Header Files</Filter>
    </ClInclude>
    <ClInclude Include="valid.h">
      <Filter>Header Files</Filter>
    </ClInclude>
    <ClInclude Include="virtualrepo.h">
      <Filter>Header Files</Filter>
    </ClInclude>
    <ClInclude Include="srvc.h">
      <Filter>Header Files\Cart</Filter>
    </ClInclude>
    <ClInclude Include="repoc.h">
      <Filter>Header Files\Cart</Filter>
    </ClInclude>
    <ClInclude Include="guicart.h">
      <Filter>Header Files\Cart</Filter>
    </ClInclude>
    <ClInclude Include="observer.h">
      <Filter>Header Files</Filter>
    </ClInclude>
    <ClInclude Include="roguicart.h">
      <Filter>Header Files\Cart</Filter>
    </ClInclude>
  </ItemGroup>
  <ItemGroup>
    <Text Include="default_films.txt" />
  </ItemGroup>
  <ItemGroup>
    <None Include="export.csv" />
    <None Include="films.csv" />
    <None Include="test.csv" />
    <None Include="test_export.csv" />
  </ItemGroup>
</Project>